<?xml version="1.0" encoding="utf-8"?>
<Project ToolsVersion="4.0" xmlns="http://schemas.microsoft.com/developer/msbuild/2003">
  <ItemGroup>
    <Filter Include="Source Files">
      <UniqueIdentifier>{4FC737F1-C7A5-4376-A066-2A32D752A2FF}</UniqueIdentifier>
      <Extensions>cpp;c;cc;cxx;c++;cppm;ixx;def;odl;idl;hpj;bat;asm;asmx</Extensions>
    </Filter>
    <Filter Include="Header Files">
      <UniqueIdentifier>{93995380-89BD-4b04-88EB-625FBE52EBFB}</UniqueIdentifier>
      <Extensions>h;hh;hpp;hxx;h++;hm;inl;inc;ipp;xsd</Extensions>
    </Filter>
    <Filter Include="Resource Files">
      <UniqueIdentifier>{67DA6AB6-F800-4c08-8B7A-83BB121AAD01}</UniqueIdentifier>
      <Extensions>rc;ico;cur;bmp;dlg;rc2;rct;bin;rgs;gif;jpg;jpeg;jpe;resx;tiff;tif;png;wav;mfcribbon-ms</Extensions>
    </Filter>
  </ItemGroup>
  <ItemGroup>
    <ClCompile Include="src\main.cpp">
      <Filter>Source Files</Filter>
    </ClCompile>
    <ClCompile Include="src\color\colorrgb.ixx">
      <Filter>Source Files</Filter>
    </ClCompile>
    <ClCompile Include="src\color\colorrgbd.ixx">
      <Filter>Source Files</Filter>
    </ClCompile>
    <ClCompile Include="src\core\constructs.ixx">
      <Filter>Source Files</Filter>
    </ClCompile>
    <ClCompile Include="src\core\types-concepts\concepts.ixx">
      <Filter>Source Files</Filter>
    </ClCompile>
    <ClCompile Include="src\core\types-concepts\types.ixx">
      <Filter>Source Files</Filter>
    </ClCompile>
    <ClCompile Include="src\film\film.ixx">
      <Filter>Source Files</Filter>
    </ClCompile>
    <ClCompile Include="src\pixel\pixel.ixx">
      <Filter>Source Files</Filter>
    </ClCompile>
    <ClCompile Include="src\ray\ray.ixx">
      <Filter>Source Files</Filter>
    </ClCompile>
    <ClCompile Include="src\math\bounds2.ixx">
      <Filter>Source Files</Filter>
    </ClCompile>
    <ClCompile Include="src\math\matrix.ixx">
      <Filter>Source Files</Filter>
    </ClCompile>
    <ClCompile Include="src\math\point.ixx">
      <Filter>Source Files</Filter>
    </ClCompile>
    <ClCompile Include="src\math\transform.ixx">
      <Filter>Source Files</Filter>
    </ClCompile>
    <ClCompile Include="src\math\vector.ixx">
      <Filter>Source Files</Filter>
    </ClCompile>
    <ClCompile Include="src\sampler\sampler.ixx">
      <Filter>Source Files</Filter>
    </ClCompile>
    <ClCompile Include="src\sampler\independent-sampler.ixx">
      <Filter>Source Files</Filter>
    </ClCompile>
    <ClCompile Include="src\camera\camera-base.ixx">
      <Filter>Source Files</Filter>
    </ClCompile>
    <ClCompile Include="src\camera\projective-camera.ixx">
      <Filter>Source Files</Filter>
    </ClCompile>
    <ClCompile Include="src\camera\perspective-camera.ixx">
      <Filter>Source Files</Filter>
    </ClCompile>
    <ClCompile Include="src\core\core-sampling-util.ixx">
      <Filter>Source Files</Filter>
    </ClCompile>
    <ClCompile Include="src\interval\interval.ixx">
      <Filter>Source Files</Filter>
    </ClCompile>
    <ClCompile Include="src\onb\onb.ixx">
      <Filter>Source Files</Filter>
    </ClCompile>
    <ClCompile Include="src\math\normal.ixx">
      <Filter>Source Files</Filter>
    </ClCompile>
    <ClCompile Include="src\hit-record\hit-record.ixx">
      <Filter>Source Files</Filter>
    </ClCompile>
    <ClCompile Include="src\world-object\world-object.ixx">
      <Filter>Source Files</Filter>
    </ClCompile>
    <ClCompile Include="src\world-object\sphere.ixx">
      <Filter>Source Files</Filter>
    </ClCompile>
    <ClCompile Include="src\materials\material.ixx">
      <Filter>Source Files</Filter>
    </ClCompile>
    <ClCompile Include="src\core\core-util.ixx">
      <Filter>Source Files</Filter>
    </ClCompile>
    <ClCompile Include="src\bxdf\bxdf.ixx">
      <Filter>Source Files</Filter>
    </ClCompile>
    <ClCompile Include="src\bsdf\bsdf.ixx">
      <Filter>Source Files</Filter>
    </ClCompile>
    <ClCompile Include="src\core\core-imports.ixx">
      <Filter>Source Files</Filter>
    </ClCompile>
    <ClCompile Include="src\integrator\integrator.ixx">
      <Filter>Source Files</Filter>
    </ClCompile>
    <ClCompile Include="src\integrator\imagetile-integrator.ixx">
      <Filter>Source Files</Filter>
    </ClCompile>
    <ClCompile Include="src\integrator\ray-integrator.ixx">
      <Filter>Source Files</Filter>
    </ClCompile>
    <ClCompile Include="src\integrator\pathintegrator.ixx">
      <Filter>Source Files</Filter>
    </ClCompile>
    <ClCompile Include="src\core\core-diag.ixx">
      <Filter>Source Files</Filter>
    </ClCompile>
    <ClCompile Include="src\core\factory.ixx">
      <Filter>Source Files</Filter>
    </ClCompile>
    <ClCompile Include="src\engine-indus\indus-new.ixx">
      <Filter>Source Files</Filter>
    </ClCompile>
    <ClCompile Include="src\bxdf\lambertian-bxdf.ixx">
      <Filter>Source Files</Filter>
    </ClCompile>
    <ClCompile Include="src\bxdf\dielectric-bxdf.ixx">
      <Filter>Source Files</Filter>
    </ClCompile>
    <ClCompile Include="src\bxdf\fresnel\fresnel.ixx">
      <Filter>Source Files</Filter>
    </ClCompile>
    <ClCompile Include="src\bxdf\fresnel\fresnel-dielectric.ixx">
      <Filter>Source Files</Filter>
    </ClCompile>
    <ClCompile Include="src\materials\matte.ixx">
      <Filter>Source Files</Filter>
    </ClCompile>
    <ClCompile Include="src\materials\glass.ixx">
      <Filter>Source Files</Filter>
    </ClCompile>
    <ClCompile Include="src\tests\main.cpp">
      <Filter>Source Files</Filter>
    </ClCompile>
    <ClCompile Include="src\rng\rng.ixx">
      <Filter>Source Files</Filter>
    </ClCompile>
    <ClCompile Include="src\rng\lcg.ixx">
      <Filter>Source Files</Filter>
    </ClCompile>
  </ItemGroup>
  <ItemGroup>
    <ClInclude Include="dep\stb_image_write.h">
      <Filter>Header Files</Filter>
    </ClInclude>
    <ClInclude Include="src\tests\vec3-tests.hpp">
      <Filter>Source Files</Filter>
    </ClInclude>
    <ClInclude Include="src\tests\point3-tests.hpp">
      <Filter>Header Files</Filter>
    </ClInclude>
    <ClInclude Include="src\tests\transform-tests.hpp">
      <Filter>Header Files</Filter>
    </ClInclude>
    <ClInclude Include="src\tests\mat4-tests.hpp">
      <Filter>Header Files</Filter>
    </ClInclude>
    <ClInclude Include="src\tests\onb-tests.hpp">
      <Filter>Header Files</Filter>
    </ClInclude>
    <ClInclude Include="src\tests\normal-tests.hpp">
      <Filter>Header Files</Filter>
    </ClInclude>
    <ClInclude Include="src\tests\ray-tests.hpp">
      <Filter>Header Files</Filter>
    </ClInclude>
    <ClInclude Include="src\tests\hitrec-tests.hpp">
      <Filter>Header Files</Filter>
    </ClInclude>
    <ClInclude Include="src\tests\samplingutils-tests.hpp">
      <Filter>Header Files</Filter>
    </ClInclude>
    <ClInclude Include="src\tests\colorrgb-tests.hpp">
      <Filter>Header Files</Filter>
    </ClInclude>
  </ItemGroup>
</Project>