<?xml version="1.0" encoding="utf-8"?>
<Project ToolsVersion="4.0" xmlns="http://schemas.microsoft.com/developer/msbuild/2003">
  <ItemGroup>
    <Filter Include="Source Files">
      <UniqueIdentifier>{4FC737F1-C7A5-4376-A066-2A32D752A2FF}</UniqueIdentifier>
      <Extensions>cpp;c;cc;cxx;c++;cppm;ixx;def;odl;idl;hpj;bat;asm;asmx</Extensions>
    </Filter>
    <Filter Include="Header Files">
      <UniqueIdentifier>{93995380-89BD-4b04-88EB-625FBE52EBFB}</UniqueIdentifier>
      <Extensions>h;hh;hpp;hxx;h++;hm;inl;inc;ipp;xsd</Extensions>
    </Filter>
    <Filter Include="Resource Files">
      <UniqueIdentifier>{67DA6AB6-F800-4c08-8B7A-83BB121AAD01}</UniqueIdentifier>
      <Extensions>rc;ico;cur;bmp;dlg;rc2;rct;bin;rgs;gif;jpg;jpeg;jpe;resx;tiff;tif;png;wav;mfcribbon-ms</Extensions>
    </Filter>
  </ItemGroup>
  <ItemGroup>
    <ClCompile Include="src\main.cpp">
      <Filter>Source Files</Filter>
    </ClCompile>
    <ClCompile Include="src\base\vec3\vec3.ixx">
      <Filter>Source Files</Filter>
    </ClCompile>
    <ClCompile Include="src\base\vec3\vec3.cppm">
      <Filter>Source Files</Filter>
    </ClCompile>
    <ClCompile Include="src\base\implementations\helpers\utils\core_util.ixx">
      <Filter>Source Files</Filter>
    </ClCompile>
    <ClCompile Include="src\base\color\color.ixx">
      <Filter>Source Files</Filter>
    </ClCompile>
    <ClCompile Include="src\base\ray\ray.ixx">
      <Filter>Source Files</Filter>
    </ClCompile>
    <ClCompile Include="src\base\ray\ray.cppm">
      <Filter>Source Files</Filter>
    </ClCompile>
    <ClCompile Include="src\base\core_constructs\core_constructs.ixx">
      <Filter>Source Files</Filter>
    </ClCompile>
    <ClCompile Include="src\base\camera\camera.ixx">
      <Filter>Source Files</Filter>
    </ClCompile>
    <ClCompile Include="src\base\renderer\renderer.ixx">
      <Filter>Source Files</Filter>
    </ClCompile>
    <ClCompile Include="src\base\implementations\engine_utilities\timer\eu_timer.ixx">
      <Filter>Source Files</Filter>
    </ClCompile>
    <ClCompile Include="src\base\window\window.ixx">
      <Filter>Source Files</Filter>
    </ClCompile>
    <ClCompile Include="src\utilities\overlay\overlay.ixx">
      <Filter>Source Files</Filter>
    </ClCompile>
    <ClCompile Include="src\base\camera\camera.cppm">
      <Filter>Source Files</Filter>
    </ClCompile>
    <ClCompile Include="src\base\renderer\renderer.cppm">
      <Filter>Source Files</Filter>
    </ClCompile>
    <ClCompile Include="src\base\window\window.cppm">
      <Filter>Source Files</Filter>
    </ClCompile>
    <ClCompile Include="src\utilities\overlay\stats\stats_overlay.cppm">
      <Filter>Source Files</Filter>
    </ClCompile>
    <ClCompile Include="src\utilities\overlay\stats\stats_overlay.ixx">
      <Filter>Source Files</Filter>
    </ClCompile>
    <ClCompile Include="src\base\engine\main\indus.ixx">
      <Filter>Source Files</Filter>
    </ClCompile>
    <ClCompile Include="src\base\engine\main\indus.cppm">
      <Filter>Source Files</Filter>
    </ClCompile>
    <ClCompile Include="src\base\engine\systems\multithreading\threadpool\threadpool.cppm">
      <Filter>Source Files</Filter>
    </ClCompile>
    <ClCompile Include="src\base\engine\systems\multithreading\threadpool\threadpool.ixx">
      <Filter>Source Files</Filter>
    </ClCompile>
    <ClCompile Include="src\components\world_object\world_object.ixx">
      <Filter>Source Files</Filter>
    </ClCompile>
    <ClCompile Include="src\components\world_object\sphere\sphere.ixx">
      <Filter>Source Files</Filter>
    </ClCompile>
    <ClCompile Include="src\components\world_object\sphere\sphere.cppm">
      <Filter>Source Files</Filter>
    </ClCompile>
    <ClCompile Include="src\components\world_object\world_object.cppm">
      <Filter>Source Files</Filter>
    </ClCompile>
    <ClCompile Include="src\utilities\interval\interval.ixx">
      <Filter>Source Files</Filter>
    </ClCompile>
    <ClCompile Include="src\utilities\interval\interval.cppm">
      <Filter>Source Files</Filter>
    </ClCompile>
    <ClCompile Include="src\components\materials\material.ixx">
      <Filter>Source Files</Filter>
    </ClCompile>
    <ClCompile Include="src\components\materials\lambertian.ixx">
      <Filter>Source Files</Filter>
    </ClCompile>
    <ClCompile Include="src\base\hit_record\hit_record.ixx">
      <Filter>Source Files</Filter>
    </ClCompile>
    <ClCompile Include="src\components\materials\metal.ixx">
      <Filter>Source Files</Filter>
    </ClCompile>
    <ClCompile Include="src\components\materials\dielectric.ixx">
      <Filter>Source Files</Filter>
    </ClCompile>
    <ClCompile Include="src\base\color\rgb\color_rgb.ixx">
      <Filter>Source Files</Filter>
    </ClCompile>
    <ClCompile Include="src\base\color\rgb\color_rgb.cppm">
      <Filter>Source Files</Filter>
    </ClCompile>
    <ClCompile Include="src\interfaces\engine\i_engine.ixx">
      <Filter>Source Files</Filter>
    </ClCompile>
    <ClCompile Include="src\interfaces\engine\i_enginesystem.ixx">
      <Filter>Source Files</Filter>
    </ClCompile>
    <ClCompile Include="src\interfaces\engine\i_enginecomponent.ixx">
      <Filter>Source Files</Filter>
    </ClCompile>
    <ClCompile Include="src\base\implementations\engine_systems\threadpool\es_threadpool.ixx">
      <Filter>Source Files</Filter>
    </ClCompile>
    <ClCompile Include="src\interfaces\engine_systems\es_window.ixx">
      <Filter>Source Files</Filter>
    </ClCompile>
    <ClCompile Include="src\base\implementations\engine_systems\threadpool\es_threadpool.cpp">
      <Filter>Source Files</Filter>
    </ClCompile>
    <ClCompile Include="src\base\implementations\engine_systems\renderers\es_shirleytracer.ixx">
      <Filter>Source Files</Filter>
    </ClCompile>
    <ClCompile Include="src\base\implementations\engines\e_indus.ixx">
      <Filter>Source Files</Filter>
    </ClCompile>
    <ClCompile Include="src\base\implementations\engine_components\framebuffer\ec_framebuffer.ixx">
      <Filter>Source Files</Filter>
    </ClCompile>
    <ClCompile Include="src\base\implementations\engine_components\framebuffer\ec_framebuffer.cpp">
      <Filter>Source Files</Filter>
    </ClCompile>
    <ClCompile Include="src\base\implementations\engine_systems\timer_manager\es_timermanager.ixx">
      <Filter>Source Files</Filter>
    </ClCompile>
    <ClCompile Include="src\base\implementations\engine_utilities\timer\eu_timer.cpp">
      <Filter>Source Files</Filter>
    </ClCompile>
    <ClCompile Include="src\interfaces\role_interfaces\ri_runnable.ixx">
      <Filter>Source Files</Filter>
    </ClCompile>
    <ClCompile Include="src\interfaces\role_interfaces\ri_initializable.ixx">
      <Filter>Source Files</Filter>
    </ClCompile>
    <ClCompile Include="src\interfaces\role_interfaces\ri_manageable.ixx">
      <Filter>Source Files</Filter>
    </ClCompile>
    <ClCompile Include="src\interfaces\engine\i_engineutility.ixx">
      <Filter>Source Files</Filter>
    </ClCompile>
    <ClCompile Include="src\base\implementations\engine_systems\timer_manager\es_timermanager.cpp">
      <Filter>Source Files</Filter>
    </ClCompile>
    <ClCompile Include="src\base\implementations\engines\e_indus.cpp">
      <Filter>Source Files</Filter>
    </ClCompile>
    <ClCompile Include="src\interfaces\engine_systems\es_renderer.ixx">
      <Filter>Source Files</Filter>
    </ClCompile>
    <ClCompile Include="src\interfaces\role_interfaces\ri_singleton.ixx">
      <Filter>Source Files</Filter>
    </ClCompile>
    <ClCompile Include="src\base\implementations\engine_systems\windows\sfml\es_sfml.ixx">
      <Filter>Source Files</Filter>
    </ClCompile>
    <ClCompile Include="src\base\implementations\engine_systems\windows\sfml\es_sfml.cpp">
      <Filter>Source Files</Filter>
    </ClCompile>
    <ClCompile Include="src\base\implementations\engine_systems\overlay_manager\es_overlaymanager.ixx">
      <Filter>Source Files</Filter>
    </ClCompile>
    <ClCompile Include="src\interfaces\engine_utilities\eu_overlay.ixx">
      <Filter>Source Files</Filter>
    </ClCompile>
    <ClCompile Include="src\base\implementations\engine_utilities\overlays\eu_statsoverlay.ixx">
      <Filter>Source Files</Filter>
    </ClCompile>
    <ClCompile Include="src\base\implementations\helpers\h_overlaystatistic.ixx">
      <Filter>Source Files</Filter>
    </ClCompile>
    <ClCompile Include="src\base\implementations\engine_utilities\overlays\eu_statsoverlay.cpp">
      <Filter>Source Files</Filter>
    </ClCompile>
    <ClCompile Include="src\base\implementations\engine_systems\overlay_manager\es_overlaymanager.cpp">
      <Filter>Source Files</Filter>
    </ClCompile>
    <ClCompile Include="src\base\implementations\engine_utilities\object_factory\eu_objectfactory.ixx">
      <Filter>Source Files</Filter>
    </ClCompile>
    <ClCompile Include="src\interfaces\engine_systems\es_pixelsampler.ixx">
      <Filter>Source Files</Filter>
    </ClCompile>
    <ClCompile Include="src\base\implementations\helpers\rays\h_ray.ixx">
      <Filter>Source Files</Filter>
    </ClCompile>
    <ClCompile Include="src\interfaces\engine_utilities\eu_color.ixx">
      <Filter>Source Files</Filter>
    </ClCompile>
    <ClCompile Include="src\base\implementations\engine_utilities\colors\rgb\eu_colorrgb.ixx">
      <Filter>Source Files</Filter>
    </ClCompile>
    <ClCompile Include="src\base\implementations\engine_utilities\colors\rgb\eu_colorrgb.cppm">
      <Filter>Source Files</Filter>
    </ClCompile>
    <ClCompile Include="src\base\implementations\engine_systems\samplers\point_sampler\es_pointsampler.ixx">
      <Filter>Source Files</Filter>
    </ClCompile>
    <ClCompile Include="src\base\implementations\engine_systems\samplers\point_sampler\es_pointsampler.cpp">
      <Filter>Source Files</Filter>
    </ClCompile>
    <ClCompile Include="src\interfaces\engine_components\ec_camera.ixx">
      <Filter>Source Files</Filter>
    </ClCompile>
    <ClCompile Include="src\base\implementations\helpers\rays\h_raydifferential.ixx">
      <Filter>Source Files</Filter>
    </ClCompile>
    <ClCompile Include="src\base\implementations\helpers\transforms\transform\h_transform.ixx">
      <Filter>Source Files</Filter>
    </ClCompile>
    <ClCompile Include="src\base\implementations\helpers\transforms\transform\h_transform.cpp">
      <Filter>Source Files</Filter>
    </ClCompile>
    <ClCompile Include="src\base\implementations\engine_components\cameras\projective\ec_projectivecam.ixx">
      <Filter>Source Files</Filter>
    </ClCompile>
    <ClCompile Include="src\base\implementations\helpers\transforms\camera_transform\h_cameratransform.ixx">
      <Filter>Source Files</Filter>
    </ClCompile>
    <ClCompile Include="src\base\implementations\helpers\transforms\camera_transform\h_cameratransform.cpp">
      <Filter>Source Files</Filter>
    </ClCompile>
    <ClCompile Include="src\base\implementations\engine_utilities\interaction\eu_interaction.ixx">
      <Filter>Source Files</Filter>
    </ClCompile>
    <ClCompile Include="src\base\implementations\helpers\rays\h_rays.ixx">
      <Filter>Source Files</Filter>
    </ClCompile>
    <ClCompile Include="src\base\implementations\helpers\utils\h_miscutilities.ixx">
      <Filter>Source Files</Filter>
    </ClCompile>
    <ClCompile Include="src\base\implementations\helpers\vec_math\vector.ixx">
      <Filter>Source Files</Filter>
    </ClCompile>
    <ClCompile Include="src\base\implementations\helpers\vec_math\point3.ixx">
      <Filter>Source Files</Filter>
    </ClCompile>
    <ClCompile Include="src\base\implementations\helpers\vec_math\normal3.ixx">
      <Filter>Source Files</Filter>
    </ClCompile>
    <ClCompile Include="src\base\implementations\engine_components\spectra\sampled_spectrum\ec_sampledspectrum.ixx">
      <Filter>Source Files</Filter>
    </ClCompile>
    <ClCompile Include="src\base\implementations\engine_components\spectra\sampled_spectrum\ec_sampledspectrum.cpp">
      <Filter>Source Files</Filter>
    </ClCompile>
    <ClCompile Include="src\base\implementations\engine_components\spectra\sampled_wavelengths\ec_sampledwavelengths.ixx">
      <Filter>Source Files</Filter>
    </ClCompile>
    <ClCompile Include="src\base\implementations\engine_components\spectra\sampled_wavelengths\ec_sampledwavelengths.cpp">
      <Filter>Source Files</Filter>
    </ClCompile>
    <ClCompile Include="src\interfaces\engine_systems\es_spectrum.ixx">
      <Filter>Source Files</Filter>
    </ClCompile>
    <ClCompile Include="src\base\implementations\helpers\colors\h_rgb.ixx">
      <Filter>Source Files</Filter>
    </ClCompile>
    <ClCompile Include="src\base\implementations\helpers\colors\h_xyz.ixx">
      <Filter>Source Files</Filter>
    </ClCompile>
    <ClCompile Include="src\base\implementations\helpers\colors\h_spectraconstants.ixx">
      <Filter>Source Files</Filter>
    </ClCompile>
    <ClCompile Include="src\base\implementations\engine_systems\spectra\denselysampled_spectrum\es_denselysampledspectrum.ixx">
      <Filter>Source Files</Filter>
    </ClCompile>
    <ClCompile Include="src\base\implementations\engine_systems\spectra\denselysampled_spectrum\es_denselysampledspectrum.cpp">
      <Filter>Source Files</Filter>
    </ClCompile>
    <ClCompile Include="src\base\implementations\helpers\colors\h_rgbsigmoidpolynomial.ixx">
      <Filter>Source Files</Filter>
    </ClCompile>
    <ClCompile Include="src\base\implementations\engine_systems\spectra\rgbalbedo_spectrum\es_rgbalbedospectrum.ixx">
      <Filter>Source Files</Filter>
    </ClCompile>
    <ClCompile Include="src\base\implementations\engine_systems\spectra\denselysampled_spectrum\es_rgbalbedospectrum.cpp">
      <Filter>Source Files</Filter>
    </ClCompile>
    <ClCompile Include="src\base\implementations\helpers\vec_math\square_matrix.ixx">
      <Filter>Source Files</Filter>
    </ClCompile>
    <ClCompile Include="src\base\implementations\helpers\utils\h_mathutilities.ixx">
      <Filter>Source Files</Filter>
    </ClCompile>
    <ClCompile Include="src\base\implementations\helpers\utils\h_samplingutils.ixx">
      <Filter>Source Files</Filter>
    </ClCompile>
    <ClCompile Include="src\base\implementations\helpers\vec_math\tuples\tuple2.ixx">
      <Filter>Source Files</Filter>
    </ClCompile>
    <ClCompile Include="src\base\implementations\helpers\vec_math\tuples\tuple3.ixx">
      <Filter>Source Files</Filter>
    </ClCompile>
  </ItemGroup>
  <ItemGroup>
    <ClInclude Include="src\dep\stb_image_write.h">
      <Filter>Header Files</Filter>
    </ClInclude>
  </ItemGroup>
</Project>