<?xml version="1.0" encoding="utf-8"?>
<Project ToolsVersion="4.0" xmlns="http://schemas.microsoft.com/developer/msbuild/2003">
  <ItemGroup>
    <Filter Include="Source Files">
      <UniqueIdentifier>{4FC737F1-C7A5-4376-A066-2A32D752A2FF}</UniqueIdentifier>
      <Extensions>cpp;c;cc;cxx;c++;cppm;ixx;def;odl;idl;hpj;bat;asm;asmx</Extensions>
    </Filter>
    <Filter Include="Header Files">
      <UniqueIdentifier>{93995380-89BD-4b04-88EB-625FBE52EBFB}</UniqueIdentifier>
      <Extensions>h;hh;hpp;hxx;h++;hm;inl;inc;ipp;xsd</Extensions>
    </Filter>
    <Filter Include="Resource Files">
      <UniqueIdentifier>{67DA6AB6-F800-4c08-8B7A-83BB121AAD01}</UniqueIdentifier>
      <Extensions>rc;ico;cur;bmp;dlg;rc2;rct;bin;rgs;gif;jpg;jpeg;jpe;resx;tiff;tif;png;wav;mfcribbon-ms</Extensions>
    </Filter>
  </ItemGroup>
  <ItemGroup>
    <ClCompile Include="src\main.cpp">
      <Filter>Source Files</Filter>
    </ClCompile>
    <ClCompile Include="src\components\engine-components\color\colorrgb.ixx">
      <Filter>Source Files</Filter>
    </ClCompile>
    <ClCompile Include="src\components\constructs\misc-constructs.ixx">
      <Filter>Source Files</Filter>
    </ClCompile>
    <ClCompile Include="src\components\types\concepts.ixx">
      <Filter>Source Files</Filter>
    </ClCompile>
    <ClCompile Include="src\components\types\types.ixx">
      <Filter>Source Files</Filter>
    </ClCompile>
    <ClCompile Include="src\components\film-components\pixel\pixel.ixx">
      <Filter>Source Files</Filter>
    </ClCompile>
    <ClCompile Include="src\components\engine-components\ray\ray.ixx">
      <Filter>Source Files</Filter>
    </ClCompile>
    <ClCompile Include="src\components\engine-components\math\point.ixx">
      <Filter>Source Files</Filter>
    </ClCompile>
    <ClCompile Include="src\components\engine-components\math\transforms\transform.ixx">
      <Filter>Source Files</Filter>
    </ClCompile>
    <ClCompile Include="src\components\engine-components\math\vector.ixx">
      <Filter>Source Files</Filter>
    </ClCompile>
    <ClCompile Include="src\engine-systems\sampler\sampler.ixx">
      <Filter>Source Files</Filter>
    </ClCompile>
    <ClCompile Include="src\engine-systems\sampler\independent-sampler.ixx">
      <Filter>Source Files</Filter>
    </ClCompile>
    <ClCompile Include="src\engine-systems\camera\camera-base.ixx">
      <Filter>Source Files</Filter>
    </ClCompile>
    <ClCompile Include="src\engine-systems\camera\projective-camera.ixx">
      <Filter>Source Files</Filter>
    </ClCompile>
    <ClCompile Include="src\engine-systems\camera\perspective-camera.ixx">
      <Filter>Source Files</Filter>
    </ClCompile>
    <ClCompile Include="src\components\utilities\utils\sampling-util.ixx">
      <Filter>Source Files</Filter>
    </ClCompile>
    <ClCompile Include="src\components\engine-components\onb\onb.ixx">
      <Filter>Source Files</Filter>
    </ClCompile>
    <ClCompile Include="src\components\engine-components\math\normal.ixx">
      <Filter>Source Files</Filter>
    </ClCompile>
    <ClCompile Include="src\components\engine-components\materials\material.ixx">
      <Filter>Source Files</Filter>
    </ClCompile>
    <ClCompile Include="src\components\engine-components\bxdf\bxdf.ixx">
      <Filter>Source Files</Filter>
    </ClCompile>
    <ClCompile Include="src\engine-systems\integrator\integrator.ixx">
      <Filter>Source Files</Filter>
    </ClCompile>
    <ClCompile Include="src\engine-systems\integrator\imagetile-integrator.ixx">
      <Filter>Source Files</Filter>
    </ClCompile>
    <ClCompile Include="src\engine-systems\integrator\ray-integrator.ixx">
      <Filter>Source Files</Filter>
    </ClCompile>
    <ClCompile Include="src\engine-systems\integrator\pathintegrator.ixx">
      <Filter>Source Files</Filter>
    </ClCompile>
    <ClCompile Include="src\components\utilities\components\enginefactory.ixx">
      <Filter>Source Files</Filter>
    </ClCompile>
    <ClCompile Include="src\components\indus\indus-new.ixx">
      <Filter>Source Files</Filter>
    </ClCompile>
    <ClCompile Include="src\components\engine-components\bxdf\lambertian-bxdf.ixx">
      <Filter>Source Files</Filter>
    </ClCompile>
    <ClCompile Include="src\components\engine-components\bxdf\fresnel\fresnel.ixx">
      <Filter>Source Files</Filter>
    </ClCompile>
    <ClCompile Include="src\components\engine-components\bxdf\fresnel\fresnel-dielectric.ixx">
      <Filter>Source Files</Filter>
    </ClCompile>
    <ClCompile Include="src\components\engine-components\materials\diffuse.ixx">
      <Filter>Source Files</Filter>
    </ClCompile>
    <ClCompile Include="src\engine-systems\rng\rng.ixx">
      <Filter>Source Files</Filter>
    </ClCompile>
    <ClCompile Include="src\engine-systems\rng\pcg32.ixx">
      <Filter>Source Files</Filter>
    </ClCompile>
    <ClCompile Include="src\engine-systems\rng\lcg.ixx">
      <Filter>Source Files</Filter>
    </ClCompile>
    <ClCompile Include="src\engine-systems\bsdf\bsdf.ixx">
      <Filter>Source Files</Filter>
    </ClCompile>
    <ClCompile Include="src\components\engine-components\materials\dielectric.ixx">
      <Filter>Source Files</Filter>
    </ClCompile>
    <ClCompile Include="src\components\engine-components\bxdf\dielectric-bxdf.ixx">
      <Filter>Source Files</Filter>
    </ClCompile>
    <ClCompile Include="src\engine-systems\sampler\stratified-sampler.ixx">
      <Filter>Source Files</Filter>
    </ClCompile>
    <ClCompile Include="src\components\utilities\math-utils\math-util-vi.ixx">
      <Filter>Source Files</Filter>
    </ClCompile>
    <ClCompile Include="src\components\utilities\utils\ray-util.ixx">
      <Filter>Source Files</Filter>
    </ClCompile>
    <ClCompile Include="src\components\engine-components\interval\interval.ixx">
      <Filter>Source Files</Filter>
    </ClCompile>
    <ClCompile Include="src\components\engine-components\math\efloat.ixx">
      <Filter>Source Files</Filter>
    </ClCompile>
    <ClCompile Include="src\components\utilities\math-utils\math-fp-ii.ixx">
      <Filter>Source Files</Filter>
    </ClCompile>
    <ClCompile Include="src\components\utilities\math-utils\math-constants-i.ixx">
      <Filter>Source Files</Filter>
    </ClCompile>
    <ClCompile Include="src\components\utilities\math-utils\math-trig-iii.ixx">
      <Filter>Source Files</Filter>
    </ClCompile>
    <ClCompile Include="src\components\utilities\math-utils\math-algebra-iv.ixx">
      <Filter>Source Files</Filter>
    </ClCompile>
    <ClCompile Include="src\components\utilities\math-utils\math-geometry-v.ixx">
      <Filter>Source Files</Filter>
    </ClCompile>
    <ClCompile Include="src\components\engine-components\interaction\interaction.ixx">
      <Filter>Source Files</Filter>
    </ClCompile>
    <ClCompile Include="src\components\engine-components\interaction\surface-interaction.ixx">
      <Filter>Source Files</Filter>
    </ClCompile>
    <ClCompile Include="src\components\engine-components\shape\shape.ixx">
      <Filter>Source Files</Filter>
    </ClCompile>
    <ClCompile Include="src\components\engine-components\math\transforms\camera-transform.ixx">
      <Filter>Source Files</Filter>
    </ClCompile>
    <ClCompile Include="src\components\engine-components\primitive\primitive.ixx">
      <Filter>Source Files</Filter>
    </ClCompile>
    <ClCompile Include="src\components\engine-components\shape\sphere-new.ixx">
      <Filter>Source Files</Filter>
    </ClCompile>
    <ClCompile Include="src\components\utilities\components\basic-timer.ixx">
      <Filter>Source Files</Filter>
    </ClCompile>
    <ClCompile Include="src\components\engine-components\math\transforms\animated-transform.ixx">
      <Filter>Source Files</Filter>
    </ClCompile>
    <ClCompile Include="src\components\engine-components\math\bounds.ixx">
      <Filter>Source Files</Filter>
    </ClCompile>
    <ClCompile Include="src\components\constructs\engine-constructs.ixx">
      <Filter>Source Files</Filter>
    </ClCompile>
    <ClCompile Include="src\components\constructs\camera-constructs.ixx">
      <Filter>Source Files</Filter>
    </ClCompile>
    <ClCompile Include="src\components\constructs\intersection-constructs.ixx">
      <Filter>Source Files</Filter>
    </ClCompile>
    <ClCompile Include="src\components\engine-components\primitive\list-aggregate.ixx">
      <Filter>Source Files</Filter>
    </ClCompile>
    <ClCompile Include="src\engine-systems\scene\scene.ixx">
      <Filter>Source Files</Filter>
    </ClCompile>
    <ClCompile Include="src\components\engine-components\primitive\bvh-aggregate.ixx">
      <Filter>Source Files</Filter>
    </ClCompile>
    <ClCompile Include="src\components\constructs\sampling-constructs.ixx">
      <Filter>Source Files</Filter>
    </ClCompile>
    <ClCompile Include="src\engine-systems\film\film-base.ixx">
      <Filter>Source Files</Filter>
    </ClCompile>
    <ClCompile Include="src\engine-systems\film\rgb-film.ixx">
      <Filter>Source Files</Filter>
    </ClCompile>
    <ClCompile Include="src\components\engine-components\math\squarematrix.ixx">
      <Filter>Source Files</Filter>
    </ClCompile>
    <ClCompile Include="src\components\film-components\filter\filter.ixx">
      <Filter>Source Files</Filter>
    </ClCompile>
    <ClCompile Include="src\components\constructs\dictionaries.ixx">
      <Filter>Source Files</Filter>
    </ClCompile>
    <ClCompile Include="src\components\utilities\utils\color-util.ixx">
      <Filter>Source Files</Filter>
    </ClCompile>
    <ClCompile Include="src\components\film-components\pixelsensor\pixelsensor.ixx">
      <Filter>Source Files</Filter>
    </ClCompile>
    <ClCompile Include="src\components\utilities\utils\parallel-util.ixx">
      <Filter>Source Files</Filter>
    </ClCompile>
    <ClCompile Include="src\components\engine-components\threadpool\threadpool.ixx">
      <Filter>Source Files</Filter>
    </ClCompile>
    <ClCompile Include="src\components\engine-components\threadpool\job.ixx">
      <Filter>Source Files</Filter>
    </ClCompile>
    <ClCompile Include="src\components\engine-components\sinks\sfml-sink.ixx">
      <Filter>Source Files</Filter>
    </ClCompile>
    <ClCompile Include="src\components\engine-components\sinks\displaysink-base.ixx">
      <Filter>Source Files</Filter>
    </ClCompile>
    <ClCompile Include="src\components\utilities\components\frame-mailbox.ixx">
      <Filter>Source Files</Filter>
    </ClCompile>
    <ClCompile Include="src\components\film-components\image\image.ixx">
      <Filter>Source Files</Filter>
    </ClCompile>
    <ClCompile Include="src\components\utilities\utils\misc-util.ixx">
      <Filter>Source Files</Filter>
    </ClCompile>
    <ClCompile Include="src\components\engine-components\hud\sfml-hud.ixx">
      <Filter>Source Files</Filter>
    </ClCompile>
    <ClCompile Include="src\components\constructs\immutable-constructs.ixx">
      <Filter>Source Files</Filter>
    </ClCompile>
    <ClCompile Include="src\components\constructs\hud-constructs.ixx">
      <Filter>Source Files</Filter>
    </ClCompile>
    <ClCompile Include="src\components\utilities\components\engine-branding\engine-logo.ixx">
      <Filter>Source Files</Filter>
    </ClCompile>
    <ClCompile Include="src\components\utilities\components\engine-branding\engine-sigil.ixx">
      <Filter>Source Files</Filter>
    </ClCompile>
    <ClCompile Include="src\components\constructs\stat-constructs.ixx">
      <Filter>Source Files</Filter>
    </ClCompile>
    <ClCompile Include="src\components\engine-components\hud\components\hud-component.ixx">
      <Filter>Source Files</Filter>
    </ClCompile>
    <ClCompile Include="src\components\engine-components\hud\components\progressbar-component.ixx">
      <Filter>Source Files</Filter>
    </ClCompile>
    <ClCompile Include="src\components\engine-components\hud\components\timer-component.ixx">
      <Filter>Source Files</Filter>
    </ClCompile>
    <ClCompile Include="src\components\engine-components\hud\systems\hud-system.ixx">
      <Filter>Source Files</Filter>
    </ClCompile>
    <ClCompile Include="src\components\engine-components\hud\components\enginelogo-component.ixx">
      <Filter>Source Files</Filter>
    </ClCompile>
    <ClCompile Include="src\components\engine-components\hud\systems\header-system.ixx">
      <Filter>Source Files</Filter>
    </ClCompile>
    <ClCompile Include="src\components\engine-components\hud\components\text-component.ixx">
      <Filter>Source Files</Filter>
    </ClCompile>
    <ClCompile Include="src\components\engine-components\hud\components\multitextrow-component.ixx">
      <Filter>Source Files</Filter>
    </ClCompile>
    <ClCompile Include="src\components\engine-components\hud\systems\renderconfig-system.ixx">
      <Filter>Source Files</Filter>
    </ClCompile>
    <ClCompile Include="src\components\engine-components\hud\systems\renderstats-system.ixx">
      <Filter>Source Files</Filter>
    </ClCompile>
    <ClCompile Include="src\components\utilities\utils\thread-util.ixx">
      <Filter>Source Files</Filter>
    </ClCompile>
    <ClCompile Include="src\components\utilities\utils\bxdf-util.ixx">
      <Filter>Source Files</Filter>
    </ClCompile>
    <ClCompile Include="src\components\utilities\components\systemstatscollector.ixx">
      <Filter>Source Files</Filter>
    </ClCompile>
    <ClCompile Include="src\components\engine-components\stats\statsbuilder.ixx">
      <Filter>Source Files</Filter>
    </ClCompile>
    <ClCompile Include="src\components\engine-components\stats\statsaccumulator.ixx">
      <Filter>Source Files</Filter>
    </ClCompile>
  </ItemGroup>
  <ItemGroup>
    <ClInclude Include="dep\stb_image_write.h">
      <Filter>Header Files</Filter>
    </ClInclude>
  </ItemGroup>
</Project>